// !$*UTF8*$!
{
	archiveVersion = 1;
	classes = {
	};
	objectVersion = 50;
	objects = {

/* Begin PBXBuildFile section */
		2ED4632D2660B6CE0023BEDA /* AppDelegate.swift in Sources */ = {isa = PBXBuildFile; fileRef = 2ED4632C2660B6CE0023BEDA /* AppDelegate.swift */; };
		2ED4632F2660B6CE0023BEDA /* SceneDelegate.swift in Sources */ = {isa = PBXBuildFile; fileRef = 2ED4632E2660B6CE0023BEDA /* SceneDelegate.swift */; };
		2ED463312660B6CE0023BEDA /* ViewController.swift in Sources */ = {isa = PBXBuildFile; fileRef = 2ED463302660B6CE0023BEDA /* ViewController.swift */; };
		2ED463342660B6CE0023BEDA /* Main.storyboard in Resources */ = {isa = PBXBuildFile; fileRef = 2ED463322660B6CE0023BEDA /* Main.storyboard */; };
		2ED463362660B6D10023BEDA /* Assets.xcassets in Resources */ = {isa = PBXBuildFile; fileRef = 2ED463352660B6D10023BEDA /* Assets.xcassets */; };
		2ED463392660B6D10023BEDA /* LaunchScreen.storyboard in Resources */ = {isa = PBXBuildFile; fileRef = 2ED463372660B6D10023BEDA /* LaunchScreen.storyboard */; };
		2ED463432660CF640023BEDA /* sample.aiff in Resources */ = {isa = PBXBuildFile; fileRef = 2ED463422660CF640023BEDA /* sample.aiff */; };
/* End PBXBuildFile section */

/* Begin PBXFileReference section */
		2ED463292660B6CE0023BEDA /* local-swift-notifi.app */ = {isa = PBXFileReference; explicitFileType = wrapper.application; includeInIndex = 0; path = "local-swift-notifi.app"; sourceTree = BUILT_PRODUCTS_DIR; };
		2ED4632C2660B6CE0023BEDA /* AppDelegate.swift */ = {isa = PBXFileReference; lastKnownFileType = sourcecode.swift; path = AppDelegate.swift; sourceTree = "<group>"; };
		2ED4632E2660B6CE0023BEDA /* SceneDelegate.swift */ = {isa = PBXFileReference; lastKnownFileType = sourcecode.swift; path = SceneDelegate.swift; sourceTree = "<group>"; };
		2ED463302660B6CE0023BEDA /* ViewController.swift */ = {isa = PBXFileReference; lastKnownFileType = sourcecode.swift; path = ViewController.swift; sourceTree = "<group>"; };
		2ED463332660B6CE0023BEDA /* Base */ = {isa = PBXFileReference; lastKnownFileType = file.storyboard; name = Base; path = Base.lproj/Main.storyboard; sourceTree = "<group>"; };
		2ED463352660B6D10023BEDA /* Assets.xcassets */ = {isa = PBXFileReference; lastKnownFileType = folder.assetcatalog; path = Assets.xcassets; sourceTree = "<group>"; };
		2ED463382660B6D10023BEDA /* Base */ = {isa = PBXFileReference; lastKnownFileType = file.storyboard; name = Base; path = Base.lproj/LaunchScreen.storyboard; sourceTree = "<group>"; };
		2ED4633A2660B6D10023BEDA /* Info.plist */ = {isa = PBXFileReference; lastKnownFileType = text.plist.xml; path = Info.plist; sourceTree = "<group>"; };
		2ED463422660CF640023BEDA /* sample.aiff */ = {isa = PBXFileReference; lastKnownFileType = audio.aiff; path = sample.aiff; sourceTree = "<group>"; };
/* End PBXFileReference section */

/* Begin PBXFrameworksBuildPhase section */
		2ED463262660B6CE0023BEDA /* Frameworks */ = {
			isa = PBXFrameworksBuildPhase;
			buildActionMask = 2147483647;
			files = (
			);
			runOnlyForDeploymentPostprocessing = 0;
		};
/* End PBXFrameworksBuildPhase section */

/* Begin PBXGroup section */
		2ED463202660B6CE0023BEDA = {
			isa = PBXGroup;
			children = (
				2ED4632B2660B6CE0023BEDA /* local-swift-notifi */,
				2ED4632A2660B6CE0023BEDA /* Products */,
			);
			sourceTree = "<group>";
		};
		2ED4632A2660B6CE0023BEDA /* Products */ = {
			isa = PBXGroup;
			children = (
				2ED463292660B6CE0023BEDA /* local-swift-notifi.app */,
			);
			name = Products;
			sourceTree = "<group>";
		};
		2ED4632B2660B6CE0023BEDA /* local-swift-notifi */ = {
			isa = PBXGroup;
			children = (
				2ED4632C2660B6CE0023BEDA /* AppDelegate.swift */,
				2ED4632E2660B6CE0023BEDA /* SceneDelegate.swift */,
				2ED463422660CF640023BEDA /* sample.aiff */,
				2ED463302660B6CE0023BEDA /* ViewController.swift */,
				2ED463322660B6CE0023BEDA /* Main.storyboard */,
				2ED463352660B6D10023BEDA /* Assets.xcassets */,
				2ED463372660B6D10023BEDA /* LaunchScreen.storyboard */,
				2ED4633A2660B6D10023BEDA /* Info.plist */,
			);
			path = "local-swift-notifi";
			sourceTree = "<group>";
		};
/* End PBXGroup section */

/* Begin PBXNativeTarget section */
		2ED463282660B6CE0023BEDA /* local-swift-notifi */ = {
			isa = PBXNativeTarget;
			buildConfigurationList = 2ED4633D2660B6D10023BEDA /* Build configuration list for PBXNativeTarget "local-swift-notifi" */;
			buildPhases = (
				2ED463252660B6CE0023BEDA /* Sources */,
				2ED463262660B6CE0023BEDA /* Frameworks */,
				2ED463272660B6CE0023BEDA /* Resources */,
			);
			buildRules = (
			);
			dependencies = (
			);
			name = "local-swift-notifi";
			productName = "local-swift-notifi";
			productReference = 2ED463292660B6CE0023BEDA /* local-swift-notifi.app */;
			productType = "com.apple.product-type.application";
		};
/* End PBXNativeTarget section */

/* Begin PBXProject section */
		2ED463212660B6CE0023BEDA /* Project object */ = {
			isa = PBXProject;
			attributes = {
				LastSwiftUpdateCheck = 1250;
				LastUpgradeCheck = 1250;
				TargetAttributes = {
					2ED463282660B6CE0023BEDA = {
						CreatedOnToolsVersion = 12.5;
					};
				};
			};
			buildConfigurationList = 2ED463242660B6CE0023BEDA /* Build configuration list for PBXProject "local-swift-notifi" */;
			compatibilityVersion = "Xcode 9.3";
			developmentRegion = en;
			hasScannedForEncodings = 0;
			knownRegions = (
				en,
				Base,
			);
			mainGroup = 2ED463202660B6CE0023BEDA;
			productRefGroup = 2ED4632A2660B6CE0023BEDA /* Products */;
			projectDirPath = "";
			projectRoot = "";
			targets = (
				2ED463282660B6CE0023BEDA /* local-swift-notifi */,
			);
		};
/* End PBXProject section */

/* Begin PBXResourcesBuildPhase section */
		2ED463272660B6CE0023BEDA /* Resources */ = {
			isa = PBXResourcesBuildPhase;
			buildActionMask = 2147483647;
			files = (
				2ED463392660B6D10023BEDA /* LaunchScreen.storyboard in Resources */,
				2ED463432660CF640023BEDA /* sample.aiff in Resources */,
				2ED463362660B6D10023BEDA /* Assets.xcassets in Resources */,
				2ED463342660B6CE0023BEDA /* Main.storyboard in Resources */,
			);
			runOnlyForDeploymentPostprocessing = 0;
		};
/* End PBXResourcesBuildPhase section */

/* Begin PBXSourcesBuildPhase section */
		2ED463252660B6CE0023BEDA /* Sources */ = {
			isa = PBXSourcesBuildPhase;
			buildActionMask = 2147483647;
			files = (
				2ED463312660B6CE0023BEDA /* ViewController.swift in Sources */,
				2ED4632D2660B6CE0023BEDA /* AppDelegate.swift in Sources */,
				2ED4632F2660B6CE0023BEDA /* SceneDelegate.swift in Sources */,
			);
			runOnlyForDeploymentPostprocessing = 0;
		};
/* End PBXSourcesBuildPhase section */

/* Begin PBXVariantGroup section */
		2ED463322660B6CE0023BEDA /* Main.storyboard */ = {
			isa = PBXVariantGroup;
			children = (
				2ED463332660B6CE0023BEDA /* Base */,
			);
			name = Main.storyboard;
			sourceTree = "<group>";
		};
		2ED463372660B6D10023BEDA /* LaunchScreen.storyboard */ = {
			isa = PBXVariantGroup;
			children = (
				2ED463382660B6D10023BEDA /* Base */,
			);
			name = LaunchScreen.storyboard;
			sourceTree = "<group>";
		};
/* End PBXVariantGroup section */

/* Begin XCBuildConfiguration section */
		2ED4633B2660B6D10023BEDA /* Debug */ = {
			isa = XCBuildConfiguration;
			buildSettings = {
				ALWAYS_SEARCH_USER_PATHS = NO;
				CLANG_ANALYZER_NONNULL = YES;
				CLANG_ANALYZER_NUMBER_OBJECT_CONVERSION = YES_AGGRESSIVE;
				CLANG_CXX_LANGUAGE_STANDARD = "gnu++14";
				CLANG_CXX_LIBRARY = "libc++";
				CLANG_ENABLE_MODULES = YES;
				CLANG_ENABLE_OBJC_ARC = YES;
				CLANG_ENABLE_OBJC_WEAK = YES;
				CLANG_WARN_BLOCK_CAPTURE_AUTORELEASING = YES;
				CLANG_WARN_BOOL_CONVERSION = YES;
				CLANG_WARN_COMMA = YES;
				CLANG_WARN_CONSTANT_CONVERSION = YES;
				CLANG_WARN_DEPRECATED_OBJC_IMPLEMENTATIONS = YES;
				CLANG_WARN_DIRECT_OBJC_ISA_USAGE = YES_ERROR;
				CLANG_WARN_DOCUMENTATION_COMMENTS = YES;
				CLANG_WARN_EMPTY_BODY = YES;
				CLANG_WARN_ENUM_CONVERSION = YES;
				CLANG_WARN_INFINITE_RECURSION = YES;
				CLANG_WARN_INT_CONVERSION = YES;
				CLANG_WARN_NON_LITERAL_NULL_CONVERSION = YES;
				CLANG_WARN_OBJC_IMPLICIT_RETAIN_SELF = YES;
				CLANG_WARN_OBJC_LITERAL_CONVERSION = YES;
				CLANG_WARN_OBJC_ROOT_CLASS = YES_ERROR;
				CLANG_WARN_QUOTED_INCLUDE_IN_FRAMEWORK_HEADER = YES;
				CLANG_WARN_RANGE_LOOP_ANALYSIS = YES;
				CLANG_WARN_STRICT_PROTOTYPES = YES;
				CLANG_WARN_SUSPICIOUS_MOVE = YES;
				CLANG_WARN_UNGUARDED_AVAILABILITY = YES_AGGRESSIVE;
				CLANG_WARN_UNREACHABLE_CODE = YES;
				CLANG_WARN__DUPLICATE_METHOD_MATCH = YES;
				COPY_PHASE_STRIP = NO;
				DEBUG_INFORMATION_FORMAT = dwarf;
				ENABLE_STRICT_OBJC_MSGSEND = YES;
				ENABLE_TESTABILITY = YES;
				GCC_C_LANGUAGE_STANDARD = gnu11;
				GCC_DYNAMIC_NO_PIC = NO;
				GCC_NO_COMMON_BLOCKS = YES;
				GCC_OPTIMIZATION_LEVEL = 0;
				GCC_PREPROCESSOR_DEFINITIONS = (
					"DEBUG=1",
					"$(inherited)",
				);
				GCC_WARN_64_TO_32_BIT_CONVERSION = YES;
				GCC_WARN_ABOUT_RETURN_TYPE = YES_ERROR;
				GCC_WARN_UNDECLARED_SELECTOR = YES;
				GCC_WARN_UNINITIALIZED_AUTOS = YES_AGGRESSIVE;
				GCC_WARN_UNUSED_FUNCTION = YES;
				GCC_WARN_UNUSED_VARIABLE = YES;
				IPHONEOS_DEPLOYMENT_TARGET = 13.0;
				MTL_ENABLE_DEBUG_INFO = INCLUDE_SOURCE;
				MTL_FAST_MATH = YES;
				ONLY_ACTIVE_ARCH = YES;
				SDKROOT = iphoneos;
				SWIFT_ACTIVE_COMPILATION_CONDITIONS = DEBUG;
				SWIFT_OPTIMIZATION_LEVEL = "-Onone";
			};
			name = Debug;
		};
		2ED4633C2660B6D10023BEDA /* Release */ = {
			isa = XCBuildConfiguration;
			buildSettings = {
				ALWAYS_SEARCH_USER_PATHS = NO;
				CLANG_ANALYZER_NONNULL = YES;
				CLANG_ANALYZER_NUMBER_OBJECT_CONVERSION = YES_AGGRESSIVE;
				CLANG_CXX_LANGUAGE_STANDARD = "gnu++14";
				CLANG_CXX_LIBRARY = "libc++";
				CLANG_ENABLE_MODULES = YES;
				CLANG_ENABLE_OBJC_ARC = YES;
				CLANG_ENABLE_OBJC_WEAK = YES;
				CLANG_WARN_BLOCK_CAPTURE_AUTORELEASING = YES;
				CLANG_WARN_BOOL_CONVERSION = YES;
				CLANG_WARN_COMMA = YES;
				CLANG_WARN_CONSTANT_CONVERSION = YES;
				CLANG_WARN_DEPRECATED_OBJC_IMPLEMENTATIONS = YES;
				CLANG_WARN_DIRECT_OBJC_ISA_USAGE = YES_ERROR;
				CLANG_WARN_DOCUMENTATION_COMMENTS = YES;
				CLANG_WARN_EMPTY_BODY = YES;
				CLANG_WARN_ENUM_CONVERSION = YES;
				CLANG_WARN_INFINITE_RECURSION = YES;
				CLANG_WARN_INT_CONVERSION = YES;
				CLANG_WARN_NON_LITERAL_NULL_CONVERSION = YES;
				CLANG_WARN_OBJC_IMPLICIT_RETAIN_SELF = YES;
				CLANG_WARN_OBJC_LITERAL_CONVERSION = YES;
				CLANG_WARN_OBJC_ROOT_CLASS = YES_ERROR;
				CLANG_WARN_QUOTED_INCLUDE_IN_FRAMEWORK_HEADER = YES;
				CLANG_WARN_RANGE_LOOP_ANALYSIS = YES;
				CLANG_WARN_STRICT_PROTOTYPES = YES;
				CLANG_WARN_SUSPICIOUS_MOVE = YES;
				CLANG_WARN_UNGUARDED_AVAILABILITY = YES_AGGRESSIVE;
				CLANG_WARN_UNREACHABLE_CODE = YES;
				CLANG_WARN__DUPLICATE_METHOD_MATCH = YES;
				COPY_PHASE_STRIP = NO;
				DEBUG_INFORMATION_FORMAT = "dwarf-with-dsym";
				ENABLE_NS_ASSERTIONS = NO;
				ENABLE_STRICT_OBJC_MSGSEND = YES;
				GCC_C_LANGUAGE_STANDARD = gnu11;
				GCC_NO_COMMON_BLOCKS = YES;
				GCC_WARN_64_TO_32_BIT_CONVERSION = YES;
				GCC_WARN_ABOUT_RETURN_TYPE = YES_ERROR;
				GCC_WARN_UNDECLARED_SELECTOR = YES;
				GCC_WARN_UNINITIALIZED_AUTOS = YES_AGGRESSIVE;
				GCC_WARN_UNUSED_FUNCTION = YES;
				GCC_WARN_UNUSED_VARIABLE = YES;
				IPHONEOS_DEPLOYMENT_TARGET = 13.0;
				MTL_ENABLE_DEBUG_INFO = NO;
				MTL_FAST_MATH = YES;
				SDKROOT = iphoneos;
				SWIFT_COMPILATION_MODE = wholemodule;
				SWIFT_OPTIMIZATION_LEVEL = "-O";
				VALIDATE_PRODUCT = YES;
			};
			name = Release;
		};
		2ED4633E2660B6D10023BEDA /* Debug */ = {
			isa = XCBuildConfiguration;
			buildSettings = {
				ASSETCATALOG_COMPILER_APPICON_NAME = AppIcon;
				ASSETCATALOG_COMPILER_GLOBAL_ACCENT_COLOR_NAME = AccentColor;
				CODE_SIGN_STYLE = Automatic;
				DEVELOPMENT_TEAM = 9ZWLNZ43F6;
				INFOPLIST_FILE = "local-swift-notifi/Info.plist";
				IPHONEOS_DEPLOYMENT_TARGET = 13.0;
				LD_RUNPATH_SEARCH_PATHS = (
					"$(inherited)",
					"@executable_path/Frameworks",
				);
				PRODUCT_BUNDLE_IDENTIFIER = "quanbui.local-swift-notifi";
				PRODUCT_NAME = "$(TARGET_NAME)";
				SWIFT_VERSION = 5.0;
				TARGETED_DEVICE_FAMILY = "1,2";
			};
			name = Debug;
		};
		2ED4633F2660B6D10023BEDA /* Release */ = {
			isa = XCBuildConfiguration;
			buildSettings = {
				ASSETCATALOG_COMPILER_APPICON_NAME = AppIcon;
				ASSETCATALOG_COMPILER_GLOBAL_ACCENT_COLOR_NAME = AccentColor;
				CODE_SIGN_STYLE = Automatic;
				DEVELOPMENT_TEAM = 9ZWLNZ43F6;
				INFOPLIST_FILE = "local-swift-notifi/Info.plist";
				IPHONEOS_DEPLOYMENT_TARGET = 13.0;
				LD_RUNPATH_SEARCH_PATHS = (
					"$(inherited)",
					"@executable_path/Frameworks",
				);
				PRODUCT_BUNDLE_IDENTIFIER = "quanbui.local-swift-notifi";
				PRODUCT_NAME = "$(TARGET_NAME)";
				SWIFT_VERSION = 5.0;
				TARGETED_DEVICE_FAMILY = "1,2";
			};
			name = Release;
		};
/* End XCBuildConfiguration section */

/* Begin XCConfigurationList section */
		2ED463242660B6CE0023BEDA /* Build configuration list for PBXProject "local-swift-notifi" */ = {
			isa = XCConfigurationList;
			buildConfigurations = (
				2ED4633B2660B6D10023BEDA /* Debug */,
				2ED4633C2660B6D10023BEDA /* Release */,
			);
			defaultConfigurationIsVisible = 0;
			defaultConfigurationName = Release;
		};
		2ED4633D2660B6D10023BEDA /* Build configuration list for PBXNativeTarget "local-swift-notifi" */ = {
			isa = XCConfigurationList;
			buildConfigurations = (
				2ED4633E2660B6D10023BEDA /* Debug */,
				2ED4633F2660B6D10023BEDA /* Release */,
			);
			defaultConfigurationIsVisible = 0;
			defaultConfigurationName = Release;
		};
/* End XCConfigurationList section */
	};
	rootObject = 2ED463212660B6CE0023BEDA /* Project object */;
}
